
Microsoft Visual Studio Solution File, Format Version 12.00
# Visual Studio Version 17
VisualStudioVersion = 17.0.31912.275
MinimumVisualStudioVersion = 10.0.40219.1
Project("{FAE04EC0-301F-11D3-BF4B-00C04F79EFBC}") = "GameApp", "GameApp\GameApp.csproj", "{7399D78F-9B7A-4DAF-9A29-B32063E81286}"
EndProject
Global
	GlobalSection(SolutionConfigurationPlatforms) = preSolution
		Debug|Any CPU = Debug|Any CPU
		Release|Any CPU = Release|Any CPU
	EndGlobalSection
	GlobalSection(ProjectConfigurationPlatforms) = postSolution
		{7399D78F-9B7A-4DAF-9A29-B32063E81286}.Debug|Any CPU.ActiveCfg = Debug|Any CPU
		{7399D78F-9B7A-4DAF-9A29-B32063E81286}.Debug|Any CPU.Build.0 = Debug|Any CPU
		{7399D78F-9B7A-4DAF-9A29-B32063E81286}.Release|Any CPU.ActiveCfg = Release|Any CPU
		{7399D78F-9B7A-4DAF-9A29-B32063E81286}.Release|Any CPU.Build.0 = Release|Any CPU
	EndGlobalSection
	GlobalSection(SolutionProperties) = preSolution
		HideSolutionNode = FALSE
	EndGlobalSection
	GlobalSection(ExtensibilityGlobals) = postSolution
		SolutionGuid = {5C754329-B5CF-42F6-A6BB-DEEA5A19165F}
	EndGlobalSection
EndGlobal
